
Microsoft Visual Studio Solution File, Format Version 12.00
# Visual Studio 2013
VisualStudioVersion = 12.0.21005.1
MinimumVisualStudioVersion = 10.0.40219.1
Project("{FAE04EC0-301F-11D3-BF4B-00C04F79EFBC}") = "DeckBuilder2", "DeckBuilder2\DeckBuilder2.csproj", "{B1CAB24E-6840-4F48-8421-943B41CD5056}"
EndProject
Project("{FAE04EC0-301F-11D3-BF4B-00C04F79EFBC}") = "ConveterTools", "ConveterTools\ConveterTools.csproj", "{FB09F410-9F00-4D17-8E60-2A1EF63BE0A8}"
	ProjectSection(ProjectDependencies) = postProject
		{B1CAB24E-6840-4F48-8421-943B41CD5056} = {B1CAB24E-6840-4F48-8421-943B41CD5056}
	EndProjectSection
EndProject
Project("{FAE04EC0-301F-11D3-BF4B-00C04F79EFBC}") = "CardXDict", "CardXDict\CardXDict.csproj", "{A1687159-7403-4905-83BB-F397447C3839}"
EndProject
Project("{FAE04EC0-301F-11D3-BF4B-00C04F79EFBC}") = "BaseCardLibrary", "CardLibrary\BaseCardLibrary.csproj", "{01FD7C49-F5DC-481B-8524-E157949D22E7}"
EndProject
Project("{FAE04EC0-301F-11D3-BF4B-00C04F79EFBC}") = "MyTools", "Tools\MyTools.csproj", "{87AE8451-F5C3-482E-A8D5-76AAB8597538}"
EndProject
Global
	GlobalSection(SolutionConfigurationPlatforms) = preSolution
		Debug|Any CPU = Debug|Any CPU
		Release|Any CPU = Release|Any CPU
	EndGlobalSection
	GlobalSection(ProjectConfigurationPlatforms) = postSolution
		{B1CAB24E-6840-4F48-8421-943B41CD5056}.Debug|Any CPU.ActiveCfg = Debug|Any CPU
		{B1CAB24E-6840-4F48-8421-943B41CD5056}.Debug|Any CPU.Build.0 = Debug|Any CPU
		{B1CAB24E-6840-4F48-8421-943B41CD5056}.Release|Any CPU.ActiveCfg = Release|Any CPU
		{B1CAB24E-6840-4F48-8421-943B41CD5056}.Release|Any CPU.Build.0 = Release|Any CPU
		{FB09F410-9F00-4D17-8E60-2A1EF63BE0A8}.Debug|Any CPU.ActiveCfg = Debug|Any CPU
		{FB09F410-9F00-4D17-8E60-2A1EF63BE0A8}.Debug|Any CPU.Build.0 = Debug|Any CPU
		{FB09F410-9F00-4D17-8E60-2A1EF63BE0A8}.Release|Any CPU.ActiveCfg = Release|Any CPU
		{FB09F410-9F00-4D17-8E60-2A1EF63BE0A8}.Release|Any CPU.Build.0 = Release|Any CPU
		{A1687159-7403-4905-83BB-F397447C3839}.Debug|Any CPU.ActiveCfg = Debug|Any CPU
		{A1687159-7403-4905-83BB-F397447C3839}.Debug|Any CPU.Build.0 = Debug|Any CPU
		{A1687159-7403-4905-83BB-F397447C3839}.Release|Any CPU.ActiveCfg = Release|Any CPU
		{A1687159-7403-4905-83BB-F397447C3839}.Release|Any CPU.Build.0 = Release|Any CPU
		{01FD7C49-F5DC-481B-8524-E157949D22E7}.Debug|Any CPU.ActiveCfg = Debug|Any CPU
		{01FD7C49-F5DC-481B-8524-E157949D22E7}.Debug|Any CPU.Build.0 = Debug|Any CPU
		{01FD7C49-F5DC-481B-8524-E157949D22E7}.Release|Any CPU.ActiveCfg = Release|Any CPU
		{01FD7C49-F5DC-481B-8524-E157949D22E7}.Release|Any CPU.Build.0 = Release|Any CPU
		{87AE8451-F5C3-482E-A8D5-76AAB8597538}.Debug|Any CPU.ActiveCfg = Debug|Any CPU
		{87AE8451-F5C3-482E-A8D5-76AAB8597538}.Debug|Any CPU.Build.0 = Debug|Any CPU
		{87AE8451-F5C3-482E-A8D5-76AAB8597538}.Release|Any CPU.ActiveCfg = Release|Any CPU
		{87AE8451-F5C3-482E-A8D5-76AAB8597538}.Release|Any CPU.Build.0 = Release|Any CPU
	EndGlobalSection
	GlobalSection(SolutionProperties) = preSolution
		HideSolutionNode = FALSE
	EndGlobalSection
EndGlobal
